
Microsoft Visual Studio Solution File, Format Version 12.00
# Visual Studio Version 17
VisualStudioVersion = 17.0.32112.339
MinimumVisualStudioVersion = 10.0.40219.1
Project("{FAE04EC0-301F-11D3-BF4B-00C04F79EFBC}") = "ExtensionMethods", "ExtensionMethods\ExtensionMethods.csproj", "{B739054F-9836-4804-BF4B-9F462E75AACA}"
EndProject
Project("{FAE04EC0-301F-11D3-BF4B-00C04F79EFBC}") = "Soru3-CollectionOrnekler", "Soru3-CollectionOrnekler\Soru3-CollectionOrnekler.csproj", "{23668C96-77DA-4121-96C8-07C08B110A52}"
EndProject
Project("{FAE04EC0-301F-11D3-BF4B-00C04F79EFBC}") = "Cekilis", "Cekilis\Cekilis.csproj", "{D30A48F4-B97A-48AB-A26E-739CE3188B4E}"
EndProject
Global
	GlobalSection(SolutionConfigurationPlatforms) = preSolution
		Debug|Any CPU = Debug|Any CPU
		Release|Any CPU = Release|Any CPU
	EndGlobalSection
	GlobalSection(ProjectConfigurationPlatforms) = postSolution
		{B739054F-9836-4804-BF4B-9F462E75AACA}.Debug|Any CPU.ActiveCfg = Debug|Any CPU
		{B739054F-9836-4804-BF4B-9F462E75AACA}.Debug|Any CPU.Build.0 = Debug|Any CPU
		{B739054F-9836-4804-BF4B-9F462E75AACA}.Release|Any CPU.ActiveCfg = Release|Any CPU
		{B739054F-9836-4804-BF4B-9F462E75AACA}.Release|Any CPU.Build.0 = Release|Any CPU
		{23668C96-77DA-4121-96C8-07C08B110A52}.Debug|Any CPU.ActiveCfg = Debug|Any CPU
		{23668C96-77DA-4121-96C8-07C08B110A52}.Debug|Any CPU.Build.0 = Debug|Any CPU
		{23668C96-77DA-4121-96C8-07C08B110A52}.Release|Any CPU.ActiveCfg = Release|Any CPU
		{23668C96-77DA-4121-96C8-07C08B110A52}.Release|Any CPU.Build.0 = Release|Any CPU
		{D30A48F4-B97A-48AB-A26E-739CE3188B4E}.Debug|Any CPU.ActiveCfg = Debug|Any CPU
		{D30A48F4-B97A-48AB-A26E-739CE3188B4E}.Debug|Any CPU.Build.0 = Debug|Any CPU
		{D30A48F4-B97A-48AB-A26E-739CE3188B4E}.Release|Any CPU.ActiveCfg = Release|Any CPU
		{D30A48F4-B97A-48AB-A26E-739CE3188B4E}.Release|Any CPU.Build.0 = Release|Any CPU
	EndGlobalSection
	GlobalSection(SolutionProperties) = preSolution
		HideSolutionNode = FALSE
	EndGlobalSection
	GlobalSection(ExtensibilityGlobals) = postSolution
		SolutionGuid = {D19B682B-E378-4BC9-840D-5C45F1C8510E}
	EndGlobalSection
EndGlobal
